
Microsoft Visual Studio Solution File, Format Version 12.00
# Visual Studio Version 17
VisualStudioVersion = 17.13.35931.197 d17.13
MinimumVisualStudioVersion = 10.0.40219.1
Project("{FAE04EC0-301F-11D3-BF4B-00C04F79EFBC}") = "Migrations", "Migrations.csproj", "{889D3819-FB71-4B17-9E03-E1E119CC2114}"
EndProject
Global
	GlobalSection(SolutionConfigurationPlatforms) = preSolution
		Debug|Any CPU = Debug|Any CPU
		Release|Any CPU = Release|Any CPU
	EndGlobalSection
	GlobalSection(ProjectConfigurationPlatforms) = postSolution
		{889D3819-FB71-4B17-9E03-E1E119CC2114}.Debug|Any CPU.ActiveCfg = Debug|Any CPU
		{889D3819-FB71-4B17-9E03-E1E119CC2114}.Debug|Any CPU.Build.0 = Debug|Any CPU
		{889D3819-FB71-4B17-9E03-E1E119CC2114}.Release|Any CPU.ActiveCfg = Release|Any CPU
		{889D3819-FB71-4B17-9E03-E1E119CC2114}.Release|Any CPU.Build.0 = Release|Any CPU
	EndGlobalSection
	GlobalSection(SolutionProperties) = preSolution
		HideSolutionNode = FALSE
	EndGlobalSection
	GlobalSection(ExtensibilityGlobals) = postSolution
		SolutionGuid = {65BA5F9C-BD45-4C94-A2E7-2FE3C909023C}
	EndGlobalSection
EndGlobal
